
Microsoft Visual Studio Solution File, Format Version 12.00
# Visual Studio Version 17
VisualStudioVersion = 17.7.34024.191
MinimumVisualStudioVersion = 10.0.40219.1
Project("{FAE04EC0-301F-11D3-BF4B-00C04F79EFBC}") = "TestGraphQL", "TestGraphQL\TestGraphQL.csproj", "{38A20D59-6294-4D1F-9BC9-6F24AFF5881D}"
EndProject
Global
	GlobalSection(SolutionConfigurationPlatforms) = preSolution
		Debug|Any CPU = Debug|Any CPU
		Release|Any CPU = Release|Any CPU
	EndGlobalSection
	GlobalSection(ProjectConfigurationPlatforms) = postSolution
		{38A20D59-6294-4D1F-9BC9-6F24AFF5881D}.Debug|Any CPU.ActiveCfg = Debug|Any CPU
		{38A20D59-6294-4D1F-9BC9-6F24AFF5881D}.Debug|Any CPU.Build.0 = Debug|Any CPU
		{38A20D59-6294-4D1F-9BC9-6F24AFF5881D}.Release|Any CPU.ActiveCfg = Release|Any CPU
		{38A20D59-6294-4D1F-9BC9-6F24AFF5881D}.Release|Any CPU.Build.0 = Release|Any CPU
	EndGlobalSection
	GlobalSection(SolutionProperties) = preSolution
		HideSolutionNode = FALSE
	EndGlobalSection
	GlobalSection(ExtensibilityGlobals) = postSolution
		SolutionGuid = {4DFE5210-A7FD-41C8-A6F0-06F53FF78396}
	EndGlobalSection
EndGlobal
