
Microsoft Visual Studio Solution File, Format Version 12.00
# Visual Studio Version 17
VisualStudioVersion = 17.6.33723.286
MinimumVisualStudioVersion = 10.0.40219.1
Project("{FAE04EC0-301F-11D3-BF4B-00C04F79EFBC}") = "TestArray", "TestArray\TestArray.csproj", "{84125FCE-3E9A-447E-9070-1F99CD6B8B3B}"
EndProject
Global
	GlobalSection(SolutionConfigurationPlatforms) = preSolution
		Debug|Any CPU = Debug|Any CPU
		Release|Any CPU = Release|Any CPU
	EndGlobalSection
	GlobalSection(ProjectConfigurationPlatforms) = postSolution
		{84125FCE-3E9A-447E-9070-1F99CD6B8B3B}.Debug|Any CPU.ActiveCfg = Debug|Any CPU
		{84125FCE-3E9A-447E-9070-1F99CD6B8B3B}.Debug|Any CPU.Build.0 = Debug|Any CPU
		{84125FCE-3E9A-447E-9070-1F99CD6B8B3B}.Release|Any CPU.ActiveCfg = Release|Any CPU
		{84125FCE-3E9A-447E-9070-1F99CD6B8B3B}.Release|Any CPU.Build.0 = Release|Any CPU
	EndGlobalSection
	GlobalSection(SolutionProperties) = preSolution
		HideSolutionNode = FALSE
	EndGlobalSection
	GlobalSection(ExtensibilityGlobals) = postSolution
		SolutionGuid = {3126F54F-E013-4646-9F01-8EE5E7B328AA}
	EndGlobalSection
EndGlobal
